
Microsoft Visual Studio Solution File, Format Version 12.00
# Visual Studio Version 17
VisualStudioVersion = 17.8.34511.84
MinimumVisualStudioVersion = 10.0.40219.1
Project("{FAE04EC0-301F-11D3-BF4B-00C04F79EFBC}") = "AtlanticPruebaAPI", "AtlanticPruebaAPI\AtlanticPruebaAPI.csproj", "{F765FA05-01F2-4390-B68D-86A39E685ADA}"
EndProject
Global
	GlobalSection(SolutionConfigurationPlatforms) = preSolution
		Debug|Any CPU = Debug|Any CPU
		Release|Any CPU = Release|Any CPU
	EndGlobalSection
	GlobalSection(ProjectConfigurationPlatforms) = postSolution
		{F765FA05-01F2-4390-B68D-86A39E685ADA}.Debug|Any CPU.ActiveCfg = Debug|Any CPU
		{F765FA05-01F2-4390-B68D-86A39E685ADA}.Debug|Any CPU.Build.0 = Debug|Any CPU
		{F765FA05-01F2-4390-B68D-86A39E685ADA}.Release|Any CPU.ActiveCfg = Release|Any CPU
		{F765FA05-01F2-4390-B68D-86A39E685ADA}.Release|Any CPU.Build.0 = Release|Any CPU
	EndGlobalSection
	GlobalSection(SolutionProperties) = preSolution
		HideSolutionNode = FALSE
	EndGlobalSection
	GlobalSection(ExtensibilityGlobals) = postSolution
		SolutionGuid = {888CC22C-AD54-4779-8470-918CD753AD43}
	EndGlobalSection
EndGlobal
